
Microsoft Visual Studio Solution File, Format Version 12.00
# Visual Studio Version 17
VisualStudioVersion = 17.12.35707.178 d17.12
MinimumVisualStudioVersion = 10.0.40219.1
Project("{FAE04EC0-301F-11D3-BF4B-00C04F79EFBC}") = "EduShare.API", "EduShareAPI\EduShare.API.csproj", "{3D4E15F5-B8C6-4619-AC87-934D9C62C3B9}"
EndProject
Project("{FAE04EC0-301F-11D3-BF4B-00C04F79EFBC}") = "EduShare.Core", "EduShare.Core\EduShare.Core.csproj", "{F5936D28-B3E2-4EBB-A76F-50D2B001765C}"
EndProject
Project("{FAE04EC0-301F-11D3-BF4B-00C04F79EFBC}") = "EduShare.Data", "EduShare.Data\EduShare.Data.csproj", "{F2FE28B6-EDEF-48BD-9CA3-78F9BACE1F9B}"
EndProject
Project("{FAE04EC0-301F-11D3-BF4B-00C04F79EFBC}") = "EduShare.Service", "EduShare.Service\EduShare.Service.csproj", "{D9BF5768-3C65-4EF8-865F-F0C71108E498}"
EndProject
Global
	GlobalSection(SolutionConfigurationPlatforms) = preSolution
		Debug|Any CPU = Debug|Any CPU
		Release|Any CPU = Release|Any CPU
	EndGlobalSection
	GlobalSection(ProjectConfigurationPlatforms) = postSolution
		{3D4E15F5-B8C6-4619-AC87-934D9C62C3B9}.Debug|Any CPU.ActiveCfg = Debug|Any CPU
		{3D4E15F5-B8C6-4619-AC87-934D9C62C3B9}.Debug|Any CPU.Build.0 = Debug|Any CPU
		{3D4E15F5-B8C6-4619-AC87-934D9C62C3B9}.Release|Any CPU.ActiveCfg = Release|Any CPU
		{3D4E15F5-B8C6-4619-AC87-934D9C62C3B9}.Release|Any CPU.Build.0 = Release|Any CPU
		{F5936D28-B3E2-4EBB-A76F-50D2B001765C}.Debug|Any CPU.ActiveCfg = Debug|Any CPU
		{F5936D28-B3E2-4EBB-A76F-50D2B001765C}.Debug|Any CPU.Build.0 = Debug|Any CPU
		{F5936D28-B3E2-4EBB-A76F-50D2B001765C}.Release|Any CPU.ActiveCfg = Release|Any CPU
		{F5936D28-B3E2-4EBB-A76F-50D2B001765C}.Release|Any CPU.Build.0 = Release|Any CPU
		{F2FE28B6-EDEF-48BD-9CA3-78F9BACE1F9B}.Debug|Any CPU.ActiveCfg = Debug|Any CPU
		{F2FE28B6-EDEF-48BD-9CA3-78F9BACE1F9B}.Debug|Any CPU.Build.0 = Debug|Any CPU
		{F2FE28B6-EDEF-48BD-9CA3-78F9BACE1F9B}.Release|Any CPU.ActiveCfg = Release|Any CPU
		{F2FE28B6-EDEF-48BD-9CA3-78F9BACE1F9B}.Release|Any CPU.Build.0 = Release|Any CPU
		{D9BF5768-3C65-4EF8-865F-F0C71108E498}.Debug|Any CPU.ActiveCfg = Debug|Any CPU
		{D9BF5768-3C65-4EF8-865F-F0C71108E498}.Debug|Any CPU.Build.0 = Debug|Any CPU
		{D9BF5768-3C65-4EF8-865F-F0C71108E498}.Release|Any CPU.ActiveCfg = Release|Any CPU
		{D9BF5768-3C65-4EF8-865F-F0C71108E498}.Release|Any CPU.Build.0 = Release|Any CPU
	EndGlobalSection
	GlobalSection(SolutionProperties) = preSolution
		HideSolutionNode = FALSE
	EndGlobalSection
EndGlobal
